// !$*UTF8*$!
{
	archiveVersion = 1;
	classes = {
	};
	objectVersion = 48;
	objects = {

/* Begin PBXBuildFile section */
		756E116F22040F9E00DAA9C1 /* AppDelegate.swift in Sources */ = {isa = PBXBuildFile; fileRef = 756E116E22040F9E00DAA9C1 /* AppDelegate.swift */; };
		756E117122040F9E00DAA9C1 /* ViewController.swift in Sources */ = {isa = PBXBuildFile; fileRef = 756E117022040F9E00DAA9C1 /* ViewController.swift */; };
		756E117422040F9E00DAA9C1 /* Main.storyboard in Resources */ = {isa = PBXBuildFile; fileRef = 756E117222040F9E00DAA9C1 /* Main.storyboard */; };
		756E117622040F9E00DAA9C1 /* Assets.xcassets in Resources */ = {isa = PBXBuildFile; fileRef = 756E117522040F9E00DAA9C1 /* Assets.xcassets */; };
		756E117922040F9E00DAA9C1 /* LaunchScreen.storyboard in Resources */ = {isa = PBXBuildFile; fileRef = 756E117722040F9E00DAA9C1 /* LaunchScreen.storyboard */; };
		756E118322041CDC00DAA9C1 /* DeepKapadia1 copy.jpg in Resources */ = {isa = PBXBuildFile; fileRef = 756E118122041CDC00DAA9C1 /* DeepKapadia1 copy.jpg */; };
		756E118422041CDD00DAA9C1 /* SwiftyJSON.swift in Sources */ = {isa = PBXBuildFile; fileRef = 756E118222041CDC00DAA9C1 /* SwiftyJSON.swift */; };
		756E118622041E1F00DAA9C1 /* Atricles_Model.swift in Sources */ = {isa = PBXBuildFile; fileRef = 756E118522041E1F00DAA9C1 /* Atricles_Model.swift */; };
		756E118822041F3800DAA9C1 /* CustCell.swift in Sources */ = {isa = PBXBuildFile; fileRef = 756E118722041F3800DAA9C1 /* CustCell.swift */; };
		75F78D4A2205A3480043B26D /* Complex_Json.json in Resources */ = {isa = PBXBuildFile; fileRef = 75F78D492205A3480043B26D /* Complex_Json.json */; };
/* End PBXBuildFile section */

/* Begin PBXFileReference section */
		756E116B22040F9E00DAA9C1 /* Json_Parsing_With_ForLoop_Api_Simple.app */ = {isa = PBXFileReference; explicitFileType = wrapper.application; includeInIndex = 0; path = Json_Parsing_With_ForLoop_Api_Simple.app; sourceTree = BUILT_PRODUCTS_DIR; };
		756E116E22040F9E00DAA9C1 /* AppDelegate.swift */ = {isa = PBXFileReference; lastKnownFileType = sourcecode.swift; path = AppDelegate.swift; sourceTree = "<group>"; };
		756E117022040F9E00DAA9C1 /* ViewController.swift */ = {isa = PBXFileReference; lastKnownFileType = sourcecode.swift; path = ViewController.swift; sourceTree = "<group>"; };
		756E117322040F9E00DAA9C1 /* Base */ = {isa = PBXFileReference; lastKnownFileType = file.storyboard; name = Base; path = Base.lproj/Main.storyboard; sourceTree = "<group>"; };
		756E117522040F9E00DAA9C1 /* Assets.xcassets */ = {isa = PBXFileReference; lastKnownFileType = folder.assetcatalog; path = Assets.xcassets; sourceTree = "<group>"; };
		756E117822040F9E00DAA9C1 /* Base */ = {isa = PBXFileReference; lastKnownFileType = file.storyboard; name = Base; path = Base.lproj/LaunchScreen.storyboard; sourceTree = "<group>"; };
		756E117A22040F9E00DAA9C1 /* Info.plist */ = {isa = PBXFileReference; lastKnownFileType = text.plist.xml; path = Info.plist; sourceTree = "<group>"; };
		756E118122041CDC00DAA9C1 /* DeepKapadia1 copy.jpg */ = {isa = PBXFileReference; lastKnownFileType = image.jpeg; path = "DeepKapadia1 copy.jpg"; sourceTree = "<group>"; };
		756E118222041CDC00DAA9C1 /* SwiftyJSON.swift */ = {isa = PBXFileReference; fileEncoding = 4; lastKnownFileType = sourcecode.swift; path = SwiftyJSON.swift; sourceTree = "<group>"; };
		756E118522041E1F00DAA9C1 /* Atricles_Model.swift */ = {isa = PBXFileReference; fileEncoding = 4; lastKnownFileType = sourcecode.swift; path = Atricles_Model.swift; sourceTree = "<group>"; };
		756E118722041F3800DAA9C1 /* CustCell.swift */ = {isa = PBXFileReference; lastKnownFileType = sourcecode.swift; path = CustCell.swift; sourceTree = "<group>"; };
		75F78D492205A3480043B26D /* Complex_Json.json */ = {isa = PBXFileReference; fileEncoding = 4; lastKnownFileType = text.json; path = Complex_Json.json; sourceTree = "<group>"; };
/* End PBXFileReference section */

/* Begin PBXFrameworksBuildPhase section */
		756E116822040F9E00DAA9C1 /* Frameworks */ = {
			isa = PBXFrameworksBuildPhase;
			buildActionMask = 2147483647;
			files = (
			);
			runOnlyForDeploymentPostprocessing = 0;
		};
/* End PBXFrameworksBuildPhase section */

/* Begin PBXGroup section */
		756E116222040F9E00DAA9C1 = {
			isa = PBXGroup;
			children = (
				756E116D22040F9E00DAA9C1 /* Json_Parsing_With_ForLoop_Api_Simple */,
				756E116C22040F9E00DAA9C1 /* Products */,
			);
			sourceTree = "<group>";
		};
		756E116C22040F9E00DAA9C1 /* Products */ = {
			isa = PBXGroup;
			children = (
				756E116B22040F9E00DAA9C1 /* Json_Parsing_With_ForLoop_Api_Simple.app */,
			);
			name = Products;
			sourceTree = "<group>";
		};
		756E116D22040F9E00DAA9C1 /* Json_Parsing_With_ForLoop_Api_Simple */ = {
			isa = PBXGroup;
			children = (
				75F78D462205A3480043B26D /* MVC Structure */,
				756E116E22040F9E00DAA9C1 /* AppDelegate.swift */,
				75F78D492205A3480043B26D /* Complex_Json.json */,
				756E118022041CDC00DAA9C1 /* SwiftyJson */,
				756E117222040F9E00DAA9C1 /* Main.storyboard */,
				756E117522040F9E00DAA9C1 /* Assets.xcassets */,
				756E117722040F9E00DAA9C1 /* LaunchScreen.storyboard */,
				756E117A22040F9E00DAA9C1 /* Info.plist */,
			);
			path = Json_Parsing_With_ForLoop_Api_Simple;
			sourceTree = "<group>";
		};
		756E118022041CDC00DAA9C1 /* SwiftyJson */ = {
			isa = PBXGroup;
			children = (
				756E118122041CDC00DAA9C1 /* DeepKapadia1 copy.jpg */,
				756E118222041CDC00DAA9C1 /* SwiftyJSON.swift */,
			);
			path = SwiftyJson;
			sourceTree = "<group>";
		};
		75F78D432205A3140043B26D /* Model */ = {
			isa = PBXGroup;
			children = (
				756E118522041E1F00DAA9C1 /* Atricles_Model.swift */,
			);
			path = Model;
			sourceTree = "<group>";
		};
		75F78D442205A3230043B26D /* View */ = {
			isa = PBXGroup;
			children = (
				756E118722041F3800DAA9C1 /* CustCell.swift */,
			);
			path = View;
			sourceTree = "<group>";
		};
		75F78D452205A3330043B26D /* Controller */ = {
			isa = PBXGroup;
			children = (
				756E117022040F9E00DAA9C1 /* ViewController.swift */,
			);
			path = Controller;
			sourceTree = "<group>";
		};
		75F78D462205A3480043B26D /* MVC Structure */ = {
			isa = PBXGroup;
			children = (
				75F78D432205A3140043B26D /* Model */,
				75F78D442205A3230043B26D /* View */,
				75F78D452205A3330043B26D /* Controller */,
			);
			path = "MVC Structure";
			sourceTree = "<group>";
		};
/* End PBXGroup section */

/* Begin PBXNativeTarget section */
		756E116A22040F9E00DAA9C1 /* Json_Parsing_With_ForLoop_Api_Simple */ = {
			isa = PBXNativeTarget;
			buildConfigurationList = 756E117D22040F9E00DAA9C1 /* Build configuration list for PBXNativeTarget "Json_Parsing_With_ForLoop_Api_Simple" */;
			buildPhases = (
				756E116722040F9E00DAA9C1 /* Sources */,
				756E116822040F9E00DAA9C1 /* Frameworks */,
				756E116922040F9E00DAA9C1 /* Resources */,
			);
			buildRules = (
			);
			dependencies = (
			);
			name = Json_Parsing_With_ForLoop_Api_Simple;
			productName = Json_Parsing_With_ForLoop_Api_Simple;
			productReference = 756E116B22040F9E00DAA9C1 /* Json_Parsing_With_ForLoop_Api_Simple.app */;
			productType = "com.apple.product-type.application";
		};
/* End PBXNativeTarget section */

/* Begin PBXProject section */
		756E116322040F9E00DAA9C1 /* Project object */ = {
			isa = PBXProject;
			attributes = {
				LastSwiftUpdateCheck = 0920;
				LastUpgradeCheck = 0920;
				ORGANIZATIONNAME = "DeEp KapaDia";
				TargetAttributes = {
					756E116A22040F9E00DAA9C1 = {
						CreatedOnToolsVersion = 9.2;
						ProvisioningStyle = Automatic;
					};
				};
			};
			buildConfigurationList = 756E116622040F9E00DAA9C1 /* Build configuration list for PBXProject "Json_Parsing_With_ForLoop_Api_Simple" */;
			compatibilityVersion = "Xcode 8.0";
			developmentRegion = en;
			hasScannedForEncodings = 0;
			knownRegions = (
				en,
				Base,
			);
			mainGroup = 756E116222040F9E00DAA9C1;
			productRefGroup = 756E116C22040F9E00DAA9C1 /* Products */;
			projectDirPath = "";
			projectRoot = "";
			targets = (
				756E116A22040F9E00DAA9C1 /* Json_Parsing_With_ForLoop_Api_Simple */,
			);
		};
/* End PBXProject section */

/* Begin PBXResourcesBuildPhase section */
		756E116922040F9E00DAA9C1 /* Resources */ = {
			isa = PBXResourcesBuildPhase;
			buildActionMask = 2147483647;
			files = (
				756E117922040F9E00DAA9C1 /* LaunchScreen.storyboard in Resources */,
				756E118322041CDC00DAA9C1 /* DeepKapadia1 copy.jpg in Resources */,
				756E117622040F9E00DAA9C1 /* Assets.xcassets in Resources */,
				756E117422040F9E00DAA9C1 /* Main.storyboard in Resources */,
				75F78D4A2205A3480043B26D /* Complex_Json.json in Resources */,
			);
			runOnlyForDeploymentPostprocessing = 0;
		};
/* End PBXResourcesBuildPhase section */

/* Begin PBXSourcesBuildPhase section */
		756E116722040F9E00DAA9C1 /* Sources */ = {
			isa = PBXSourcesBuildPhase;
			buildActionMask = 2147483647;
			files = (
				756E118422041CDD00DAA9C1 /* SwiftyJSON.swift in Sources */,
				756E118822041F3800DAA9C1 /* CustCell.swift in Sources */,
				756E117122040F9E00DAA9C1 /* ViewController.swift in Sources */,
				756E118622041E1F00DAA9C1 /* Atricles_Model.swift in Sources */,
				756E116F22040F9E00DAA9C1 /* AppDelegate.swift in Sources */,
			);
			runOnlyForDeploymentPostprocessing = 0;
		};
/* End PBXSourcesBuildPhase section */

/* Begin PBXVariantGroup section */
		756E117222040F9E00DAA9C1 /* Main.storyboard */ = {
			isa = PBXVariantGroup;
			children = (
				756E117322040F9E00DAA9C1 /* Base */,
			);
			name = Main.storyboard;
			sourceTree = "<group>";
		};
		756E117722040F9E00DAA9C1 /* LaunchScreen.storyboard */ = {
			isa = PBXVariantGroup;
			children = (
				756E117822040F9E00DAA9C1 /* Base */,
			);
			name = LaunchScreen.storyboard;
			sourceTree = "<group>";
		};
/* End PBXVariantGroup section */

/* Begin XCBuildConfiguration section */
		756E117B22040F9E00DAA9C1 /* Debug */ = {
			isa = XCBuildConfiguration;
			buildSettings = {
				ALWAYS_SEARCH_USER_PATHS = NO;
				CLANG_ANALYZER_NONNULL = YES;
				CLANG_ANALYZER_NUMBER_OBJECT_CONVERSION = YES_AGGRESSIVE;
				CLANG_CXX_LANGUAGE_STANDARD = "gnu++14";
				CLANG_CXX_LIBRARY = "libc++";
				CLANG_ENABLE_MODULES = YES;
				CLANG_ENABLE_OBJC_ARC = YES;
				CLANG_WARN_BLOCK_CAPTURE_AUTORELEASING = YES;
				CLANG_WARN_BOOL_CONVERSION = YES;
				CLANG_WARN_COMMA = YES;
				CLANG_WARN_CONSTANT_CONVERSION = YES;
				CLANG_WARN_DIRECT_OBJC_ISA_USAGE = YES_ERROR;
				CLANG_WARN_DOCUMENTATION_COMMENTS = YES;
				CLANG_WARN_EMPTY_BODY = YES;
				CLANG_WARN_ENUM_CONVERSION = YES;
				CLANG_WARN_INFINITE_RECURSION = YES;
				CLANG_WARN_INT_CONVERSION = YES;
				CLANG_WARN_NON_LITERAL_NULL_CONVERSION = YES;
				CLANG_WARN_OBJC_LITERAL_CONVERSION = YES;
				CLANG_WARN_OBJC_ROOT_CLASS = YES_ERROR;
				CLANG_WARN_RANGE_LOOP_ANALYSIS = YES;
				CLANG_WARN_STRICT_PROTOTYPES = YES;
				CLANG_WARN_SUSPICIOUS_MOVE = YES;
				CLANG_WARN_UNGUARDED_AVAILABILITY = YES_AGGRESSIVE;
				CLANG_WARN_UNREACHABLE_CODE = YES;
				CLANG_WARN__DUPLICATE_METHOD_MATCH = YES;
				CODE_SIGN_IDENTITY = "iPhone Developer";
				COPY_PHASE_STRIP = NO;
				DEBUG_INFORMATION_FORMAT = dwarf;
				ENABLE_STRICT_OBJC_MSGSEND = YES;
				ENABLE_TESTABILITY = YES;
				GCC_C_LANGUAGE_STANDARD = gnu11;
				GCC_DYNAMIC_NO_PIC = NO;
				GCC_NO_COMMON_BLOCKS = YES;
				GCC_OPTIMIZATION_LEVEL = 0;
				GCC_PREPROCESSOR_DEFINITIONS = (
					"DEBUG=1",
					"$(inherited)",
				);
				GCC_WARN_64_TO_32_BIT_CONVERSION = YES;
				GCC_WARN_ABOUT_RETURN_TYPE = YES_ERROR;
				GCC_WARN_UNDECLARED_SELECTOR = YES;
				GCC_WARN_UNINITIALIZED_AUTOS = YES_AGGRESSIVE;
				GCC_WARN_UNUSED_FUNCTION = YES;
				GCC_WARN_UNUSED_VARIABLE = YES;
				IPHONEOS_DEPLOYMENT_TARGET = 11.2;
				MTL_ENABLE_DEBUG_INFO = YES;
				ONLY_ACTIVE_ARCH = YES;
				SDKROOT = iphoneos;
				SWIFT_ACTIVE_COMPILATION_CONDITIONS = DEBUG;
				SWIFT_OPTIMIZATION_LEVEL = "-Onone";
			};
			name = Debug;
		};
		756E117C22040F9E00DAA9C1 /* Release */ = {
			isa = XCBuildConfiguration;
			buildSettings = {
				ALWAYS_SEARCH_USER_PATHS = NO;
				CLANG_ANALYZER_NONNULL = YES;
				CLANG_ANALYZER_NUMBER_OBJECT_CONVERSION = YES_AGGRESSIVE;
				CLANG_CXX_LANGUAGE_STANDARD = "gnu++14";
				CLANG_CXX_LIBRARY = "libc++";
				CLANG_ENABLE_MODULES = YES;
				CLANG_ENABLE_OBJC_ARC = YES;
				CLANG_WARN_BLOCK_CAPTURE_AUTORELEASING = YES;
				CLANG_WARN_BOOL_CONVERSION = YES;
				CLANG_WARN_COMMA = YES;
				CLANG_WARN_CONSTANT_CONVERSION = YES;
				CLANG_WARN_DIRECT_OBJC_ISA_USAGE = YES_ERROR;
				CLANG_WARN_DOCUMENTATION_COMMENTS = YES;
				CLANG_WARN_EMPTY_BODY = YES;
				CLANG_WARN_ENUM_CONVERSION = YES;
				CLANG_WARN_INFINITE_RECURSION = YES;
				CLANG_WARN_INT_CONVERSION = YES;
				CLANG_WARN_NON_LITERAL_NULL_CONVERSION = YES;
				CLANG_WARN_OBJC_LITERAL_CONVERSION = YES;
				CLANG_WARN_OBJC_ROOT_CLASS = YES_ERROR;
				CLANG_WARN_RANGE_LOOP_ANALYSIS = YES;
				CLANG_WARN_STRICT_PROTOTYPES = YES;
				CLANG_WARN_SUSPICIOUS_MOVE = YES;
				CLANG_WARN_UNGUARDED_AVAILABILITY = YES_AGGRESSIVE;
				CLANG_WARN_UNREACHABLE_CODE = YES;
				CLANG_WARN__DUPLICATE_METHOD_MATCH = YES;
				CODE_SIGN_IDENTITY = "iPhone Developer";
				COPY_PHASE_STRIP = NO;
				DEBUG_INFORMATION_FORMAT = "dwarf-with-dsym";
				ENABLE_NS_ASSERTIONS = NO;
				ENABLE_STRICT_OBJC_MSGSEND = YES;
				GCC_C_LANGUAGE_STANDARD = gnu11;
				GCC_NO_COMMON_BLOCKS = YES;
				GCC_WARN_64_TO_32_BIT_CONVERSION = YES;
				GCC_WARN_ABOUT_RETURN_TYPE = YES_ERROR;
				GCC_WARN_UNDECLARED_SELECTOR = YES;
				GCC_WARN_UNINITIALIZED_AUTOS = YES_AGGRESSIVE;
				GCC_WARN_UNUSED_FUNCTION = YES;
				GCC_WARN_UNUSED_VARIABLE = YES;
				IPHONEOS_DEPLOYMENT_TARGET = 11.2;
				MTL_ENABLE_DEBUG_INFO = NO;
				SDKROOT = iphoneos;
				SWIFT_OPTIMIZATION_LEVEL = "-Owholemodule";
				VALIDATE_PRODUCT = YES;
			};
			name = Release;
		};
		756E117E22040F9E00DAA9C1 /* Debug */ = {
			isa = XCBuildConfiguration;
			buildSettings = {
				ASSETCATALOG_COMPILER_APPICON_NAME = AppIcon;
				CODE_SIGN_STYLE = Automatic;
				INFOPLIST_FILE = Json_Parsing_With_ForLoop_Api_Simple/Info.plist;
				LD_RUNPATH_SEARCH_PATHS = "$(inherited) @executable_path/Frameworks";
				PRODUCT_BUNDLE_IDENTIFIER = "Project.Json-Parsing-With-ForLoop-Api-Simple";
				PRODUCT_NAME = "$(TARGET_NAME)";
				SWIFT_VERSION = 4.0;
				TARGETED_DEVICE_FAMILY = "1,2";
			};
			name = Debug;
		};
		756E117F22040F9E00DAA9C1 /* Release */ = {
			isa = XCBuildConfiguration;
			buildSettings = {
				ASSETCATALOG_COMPILER_APPICON_NAME = AppIcon;
				CODE_SIGN_STYLE = Automatic;
				INFOPLIST_FILE = Json_Parsing_With_ForLoop_Api_Simple/Info.plist;
				LD_RUNPATH_SEARCH_PATHS = "$(inherited) @executable_path/Frameworks";
				PRODUCT_BUNDLE_IDENTIFIER = "Project.Json-Parsing-With-ForLoop-Api-Simple";
				PRODUCT_NAME = "$(TARGET_NAME)";
				SWIFT_VERSION = 4.0;
				TARGETED_DEVICE_FAMILY = "1,2";
			};
			name = Release;
		};
/* End XCBuildConfiguration section */

/* Begin XCConfigurationList section */
		756E116622040F9E00DAA9C1 /* Build configuration list for PBXProject "Json_Parsing_With_ForLoop_Api_Simple" */ = {
			isa = XCConfigurationList;
			buildConfigurations = (
				756E117B22040F9E00DAA9C1 /* Debug */,
				756E117C22040F9E00DAA9C1 /* Release */,
			);
			defaultConfigurationIsVisible = 0;
			defaultConfigurationName = Release;
		};
		756E117D22040F9E00DAA9C1 /* Build configuration list for PBXNativeTarget "Json_Parsing_With_ForLoop_Api_Simple" */ = {
			isa = XCConfigurationList;
			buildConfigurations = (
				756E117E22040F9E00DAA9C1 /* Debug */,
				756E117F22040F9E00DAA9C1 /* Release */,
			);
			defaultConfigurationIsVisible = 0;
			defaultConfigurationName = Release;
		};
/* End XCConfigurationList section */
	};
	rootObject = 756E116322040F9E00DAA9C1 /* Project object */;
}
